Microsoft Visual Studio Solution File, Format Version 12.00
# Visual Studio 2013

Project("{FAE04EC0-301F-11D3-BF4B-00C04F79EFBC}") = "OLR", "OLR.csproj", "{E5AE864F-AE42-413A-8216-D37C10DC75B9}"
EndProject
Project("{FAE04EC0-301F-11D3-BF4B-00C04F79EFBC}") = "OLR.Data", "Data Access Layer\OLR.Data.csproj", "{C7620FFA-052C-4CBE-90BD-C5EA18E1893C}"
EndProject
Project("{FAE04EC0-301F-11D3-BF4B-00C04F79EFBC}") = "OLR.Business", "Business Layer\OLR.Business.csproj", "{6FA29694-2184-49C9-8B87-AA7129008496}"
EndProject
Global
	GlobalSection(SolutionConfigurationPlatforms) = preSolution
		Debug|Any CPU = Debug|Any CPU
		Release|Any CPU = Release|Any CPU
	EndGlobalSection
	GlobalSection(ProjectConfigurationPlatforms) = postSolution
		{E5AE864F-AE42-413A-8216-D37C10DC75B9}.Debug|Any CPU.ActiveCfg = Debug|Any CPU
		{E5AE864F-AE42-413A-8216-D37C10DC75B9}.Debug|Any CPU.Build.0 = Debug|Any CPU
		{E5AE864F-AE42-413A-8216-D37C10DC75B9}.Release|Any CPU.ActiveCfg = Release|Any CPU
		{E5AE864F-AE42-413A-8216-D37C10DC75B9}.Release|Any CPU.Build.0 = Release|Any CPU
		{C7620FFA-052C-4CBE-90BD-C5EA18E1893C}.Debug|Any CPU.ActiveCfg = Debug|Any CPU
		{C7620FFA-052C-4CBE-90BD-C5EA18E1893C}.Debug|Any CPU.Build.0 = Debug|Any CPU
		{C7620FFA-052C-4CBE-90BD-C5EA18E1893C}.Release|Any CPU.ActiveCfg = Release|Any CPU
		{C7620FFA-052C-4CBE-90BD-C5EA18E1893C}.Release|Any CPU.Build.0 = Release|Any CPU
		{6FA29694-2184-49C9-8B87-AA7129008496}.Debug|Any CPU.ActiveCfg = Debug|Any CPU
		{6FA29694-2184-49C9-8B87-AA7129008496}.Debug|Any CPU.Build.0 = Debug|Any CPU
		{6FA29694-2184-49C9-8B87-AA7129008496}.Release|Any CPU.ActiveCfg = Release|Any CPU
		{6FA29694-2184-49C9-8B87-AA7129008496}.Release|Any CPU.Build.0 = Release|Any CPU
	EndGlobalSection
	GlobalSection(SolutionProperties) = preSolution
		HideSolutionNode = FALSE
	EndGlobalSection
EndGlobal
